
Microsoft Visual Studio Solution File, Format Version 12.00
# Visual Studio Version 17
VisualStudioVersion = 17.7.34031.279
MinimumVisualStudioVersion = 10.0.40219.1
Project("{FAE04EC0-301F-11D3-BF4B-00C04F79EFBC}") = "Deliverable2", "Deliverable2\Deliverable2.csproj", "{703FE4C0-88F2-4E99-BF2C-2B3A43481092}"
EndProject
Global
	GlobalSection(SolutionConfigurationPlatforms) = preSolution
		Debug|Any CPU = Debug|Any CPU
		Release|Any CPU = Release|Any CPU
	EndGlobalSection
	GlobalSection(ProjectConfigurationPlatforms) = postSolution
		{703FE4C0-88F2-4E99-BF2C-2B3A43481092}.Debug|Any CPU.ActiveCfg = Debug|Any CPU
		{703FE4C0-88F2-4E99-BF2C-2B3A43481092}.Debug|Any CPU.Build.0 = Debug|Any CPU
		{703FE4C0-88F2-4E99-BF2C-2B3A43481092}.Release|Any CPU.ActiveCfg = Release|Any CPU
		{703FE4C0-88F2-4E99-BF2C-2B3A43481092}.Release|Any CPU.Build.0 = Release|Any CPU
	EndGlobalSection
	GlobalSection(SolutionProperties) = preSolution
		HideSolutionNode = FALSE
	EndGlobalSection
	GlobalSection(ExtensibilityGlobals) = postSolution
		SolutionGuid = {6B8788E8-3D6F-4E7A-8408-90D5541A4078}
	EndGlobalSection
EndGlobal
